// !$*UTF8*$!
{
	archiveVersion = 1;
	classes = {
	};
	objectVersion = 46;
	objects = {

/* Begin PBXBuildFile section */
		DA8EE9FA15DA0C6C00F5F0BC /* Cocoa.framework in Frameworks */ = {isa = PBXBuildFile; fileRef = DA8EE9F915DA0C6C00F5F0BC /* Cocoa.framework */; };
		DACCEE6915DA07ED00A8BD52 /* Foundation.framework in Frameworks */ = {isa = PBXBuildFile; fileRef = DA66F8F415D5DE91000C5B0B /* Foundation.framework */; };
		DACCEE9315DA08EB00A8BD52 /* CoreLocation.framework in Frameworks */ = {isa = PBXBuildFile; fileRef = DA1B27D515D7300400C7A7EE /* CoreLocation.framework */; };
		DACCEE9415DA090E00A8BD52 /* AFHTTPClient.m in Sources */ = {isa = PBXBuildFile; fileRef = DA66F92815D5E158000C5B0B /* AFHTTPClient.m */; settings = {COMPILER_FLAGS = "-fno-objc-arc"; }; };
		DACCEE9515DA090E00A8BD52 /* AFHTTPRequestOperation.m in Sources */ = {isa = PBXBuildFile; fileRef = DA66F92A15D5E158000C5B0B /* AFHTTPRequestOperation.m */; settings = {COMPILER_FLAGS = "-fno-objc-arc"; }; };
		DACCEE9615DA090E00A8BD52 /* AFImageRequestOperation.m in Sources */ = {isa = PBXBuildFile; fileRef = DA66F92C15D5E158000C5B0B /* AFImageRequestOperation.m */; settings = {COMPILER_FLAGS = "-fno-objc-arc"; }; };
		DACCEE9715DA090E00A8BD52 /* AFJSONRequestOperation.m in Sources */ = {isa = PBXBuildFile; fileRef = DA66F92E15D5E158000C5B0B /* AFJSONRequestOperation.m */; settings = {COMPILER_FLAGS = "-fno-objc-arc"; }; };
		DACCEE9815DA090E00A8BD52 /* AFJSONUtilities.m in Sources */ = {isa = PBXBuildFile; fileRef = DA66F93015D5E158000C5B0B /* AFJSONUtilities.m */; settings = {COMPILER_FLAGS = "-fno-objc-arc"; }; };
		DACCEE9915DA090E00A8BD52 /* AFNetworkActivityIndicatorManager.m in Sources */ = {isa = PBXBuildFile; fileRef = DA66F93215D5E158000C5B0B /* AFNetworkActivityIndicatorManager.m */; settings = {COMPILER_FLAGS = "-fno-objc-arc"; }; };
		DACCEE9A15DA090E00A8BD52 /* AFPropertyListRequestOperation.m in Sources */ = {isa = PBXBuildFile; fileRef = DA66F93515D5E158000C5B0B /* AFPropertyListRequestOperation.m */; settings = {COMPILER_FLAGS = "-fno-objc-arc"; }; };
		DACCEE9B15DA090E00A8BD52 /* AFURLConnectionOperation.m in Sources */ = {isa = PBXBuildFile; fileRef = DA66F93715D5E158000C5B0B /* AFURLConnectionOperation.m */; settings = {COMPILER_FLAGS = "-fno-objc-arc"; }; };
		DACCEE9C15DA090E00A8BD52 /* AFXMLRequestOperation.m in Sources */ = {isa = PBXBuildFile; fileRef = DA66F93915D5E158000C5B0B /* AFXMLRequestOperation.m */; settings = {COMPILER_FLAGS = "-fno-objc-arc"; }; };
		DACCEE9D15DA090E00A8BD52 /* UIImageView+AFNetworking.m in Sources */ = {isa = PBXBuildFile; fileRef = DA66F93B15D5E158000C5B0B /* UIImageView+AFNetworking.m */; settings = {COMPILER_FLAGS = "-fno-objc-arc"; }; };
		DACCEE9E15DA090E00A8BD52 /* AFOAuth2Client.m in Sources */ = {isa = PBXBuildFile; fileRef = DA66F96815D5E158000C5B0B /* AFOAuth2Client.m */; settings = {COMPILER_FLAGS = "-fno-objc-arc"; }; };
		DACCEE9F15DA090E00A8BD52 /* WKOAuth2Client.m in Sources */ = {isa = PBXBuildFile; fileRef = DA66F99D15D62F69000C5B0B /* WKOAuth2Client.m */; };
		DACCEEA015DA090E00A8BD52 /* WKStatus.m in Sources */ = {isa = PBXBuildFile; fileRef = DA1B27D215D72F6D00C7A7EE /* WKStatus.m */; };
		DACCEEA115DA090E00A8BD52 /* WKUser.m in Sources */ = {isa = PBXBuildFile; fileRef = DA1B27D815D7319200C7A7EE /* WKUser.m */; };
/* End PBXBuildFile section */

/* Begin PBXCopyFilesBuildPhase section */
		DACCEE6615DA07ED00A8BD52 /* CopyFiles */ = {
			isa = PBXCopyFilesBuildPhase;
			buildActionMask = 2147483647;
			dstPath = "include/${PRODUCT_NAME}";
			dstSubfolderSpec = 16;
			files = (
			);
			runOnlyForDeploymentPostprocessing = 0;
		};
/* End PBXCopyFilesBuildPhase section */

/* Begin PBXFileReference section */
		DA1B27D115D72F6D00C7A7EE /* WKStatus.h */ = {isa = PBXFileReference; fileEncoding = 4; lastKnownFileType = sourcecode.c.h; path = WKStatus.h; sourceTree = "<group>"; };
		DA1B27D215D72F6D00C7A7EE /* WKStatus.m */ = {isa = PBXFileReference; fileEncoding = 4; lastKnownFileType = sourcecode.c.objc; path = WKStatus.m; sourceTree = "<group>"; };
		DA1B27D515D7300400C7A7EE /* CoreLocation.framework */ = {isa = PBXFileReference; lastKnownFileType = wrapper.framework; name = CoreLocation.framework; path = System/Library/Frameworks/CoreLocation.framework; sourceTree = SDKROOT; };
		DA1B27D715D7319200C7A7EE /* WKUser.h */ = {isa = PBXFileReference; fileEncoding = 4; lastKnownFileType = sourcecode.c.h; path = WKUser.h; sourceTree = "<group>"; };
		DA1B27D815D7319200C7A7EE /* WKUser.m */ = {isa = PBXFileReference; fileEncoding = 4; lastKnownFileType = sourcecode.c.objc; path = WKUser.m; sourceTree = "<group>"; };
		DA66F8F415D5DE91000C5B0B /* Foundation.framework */ = {isa = PBXFileReference; lastKnownFileType = wrapper.framework; name = Foundation.framework; path = System/Library/Frameworks/Foundation.framework; sourceTree = SDKROOT; };
		DA66F92715D5E158000C5B0B /* AFHTTPClient.h */ = {isa = PBXFileReference; fileEncoding = 4; lastKnownFileType = sourcecode.c.h; path = AFHTTPClient.h; sourceTree = "<group>"; };
		DA66F92815D5E158000C5B0B /* AFHTTPClient.m */ = {isa = PBXFileReference; fileEncoding = 4; lastKnownFileType = sourcecode.c.objc; path = AFHTTPClient.m; sourceTree = "<group>"; };
		DA66F92915D5E158000C5B0B /* AFHTTPRequestOperation.h */ = {isa = PBXFileReference; fileEncoding = 4; lastKnownFileType = sourcecode.c.h; path = AFHTTPRequestOperation.h; sourceTree = "<group>"; };
		DA66F92A15D5E158000C5B0B /* AFHTTPRequestOperation.m */ = {isa = PBXFileReference; fileEncoding = 4; lastKnownFileType = sourcecode.c.objc; path = AFHTTPRequestOperation.m; sourceTree = "<group>"; };
		DA66F92B15D5E158000C5B0B /* AFImageRequestOperation.h */ = {isa = PBXFileReference; fileEncoding = 4; lastKnownFileType = sourcecode.c.h; path = AFImageRequestOperation.h; sourceTree = "<group>"; };
		DA66F92C15D5E158000C5B0B /* AFImageRequestOperation.m */ = {isa = PBXFileReference; fileEncoding = 4; lastKnownFileType = sourcecode.c.objc; path = AFImageRequestOperation.m; sourceTree = "<group>"; };
		DA66F92D15D5E158000C5B0B /* AFJSONRequestOperation.h */ = {isa = PBXFileReference; fileEncoding = 4; lastKnownFileType = sourcecode.c.h; path = AFJSONRequestOperation.h; sourceTree = "<group>"; };
		DA66F92E15D5E158000C5B0B /* AFJSONRequestOperation.m */ = {isa = PBXFileReference; fileEncoding = 4; lastKnownFileType = sourcecode.c.objc; path = AFJSONRequestOperation.m; sourceTree = "<group>"; };
		DA66F92F15D5E158000C5B0B /* AFJSONUtilities.h */ = {isa = PBXFileReference; fileEncoding = 4; lastKnownFileType = sourcecode.c.h; path = AFJSONUtilities.h; sourceTree = "<group>"; };
		DA66F93015D5E158000C5B0B /* AFJSONUtilities.m */ = {isa = PBXFileReference; fileEncoding = 4; lastKnownFileType = sourcecode.c.objc; path = AFJSONUtilities.m; sourceTree = "<group>"; };
		DA66F93115D5E158000C5B0B /* AFNetworkActivityIndicatorManager.h */ = {isa = PBXFileReference; fileEncoding = 4; lastKnownFileType = sourcecode.c.h; path = AFNetworkActivityIndicatorManager.h; sourceTree = "<group>"; };
		DA66F93215D5E158000C5B0B /* AFNetworkActivityIndicatorManager.m */ = {isa = PBXFileReference; fileEncoding = 4; lastKnownFileType = sourcecode.c.objc; path = AFNetworkActivityIndicatorManager.m; sourceTree = "<group>"; };
		DA66F93315D5E158000C5B0B /* AFNetworking.h */ = {isa = PBXFileReference; fileEncoding = 4; lastKnownFileType = sourcecode.c.h; path = AFNetworking.h; sourceTree = "<group>"; };
		DA66F93415D5E158000C5B0B /* AFPropertyListRequestOperation.h */ = {isa = PBXFileReference; fileEncoding = 4; lastKnownFileType = sourcecode.c.h; path = AFPropertyListRequestOperation.h; sourceTree = "<group>"; };
		DA66F93515D5E158000C5B0B /* AFPropertyListRequestOperation.m */ = {isa = PBXFileReference; fileEncoding = 4; lastKnownFileType = sourcecode.c.objc; path = AFPropertyListRequestOperation.m; sourceTree = "<group>"; };
		DA66F93615D5E158000C5B0B /* AFURLConnectionOperation.h */ = {isa = PBXFileReference; fileEncoding = 4; lastKnownFileType = sourcecode.c.h; path = AFURLConnectionOperation.h; sourceTree = "<group>"; };
		DA66F93715D5E158000C5B0B /* AFURLConnectionOperation.m */ = {isa = PBXFileReference; fileEncoding = 4; lastKnownFileType = sourcecode.c.objc; path = AFURLConnectionOperation.m; sourceTree = "<group>"; };
		DA66F93815D5E158000C5B0B /* AFXMLRequestOperation.h */ = {isa = PBXFileReference; fileEncoding = 4; lastKnownFileType = sourcecode.c.h; path = AFXMLRequestOperation.h; sourceTree = "<group>"; };
		DA66F93915D5E158000C5B0B /* AFXMLRequestOperation.m */ = {isa = PBXFileReference; fileEncoding = 4; lastKnownFileType = sourcecode.c.objc; path = AFXMLRequestOperation.m; sourceTree = "<group>"; };
		DA66F93A15D5E158000C5B0B /* UIImageView+AFNetworking.h */ = {isa = PBXFileReference; fileEncoding = 4; lastKnownFileType = sourcecode.c.h; path = "UIImageView+AFNetworking.h"; sourceTree = "<group>"; };
		DA66F93B15D5E158000C5B0B /* UIImageView+AFNetworking.m */ = {isa = PBXFileReference; fileEncoding = 4; lastKnownFileType = sourcecode.c.objc; path = "UIImageView+AFNetworking.m"; sourceTree = "<group>"; };
		DA66F96715D5E158000C5B0B /* AFOAuth2Client.h */ = {isa = PBXFileReference; fileEncoding = 4; lastKnownFileType = sourcecode.c.h; path = AFOAuth2Client.h; sourceTree = "<group>"; };
		DA66F96815D5E158000C5B0B /* AFOAuth2Client.m */ = {isa = PBXFileReference; fileEncoding = 4; lastKnownFileType = sourcecode.c.objc; path = AFOAuth2Client.m; sourceTree = "<group>"; };
		DA66F99C15D62F69000C5B0B /* WKOAuth2Client.h */ = {isa = PBXFileReference; fileEncoding = 4; lastKnownFileType = sourcecode.c.h; path = WKOAuth2Client.h; sourceTree = "<group>"; };
		DA66F99D15D62F69000C5B0B /* WKOAuth2Client.m */ = {isa = PBXFileReference; fileEncoding = 4; lastKnownFileType = sourcecode.c.objc; path = WKOAuth2Client.m; sourceTree = "<group>"; };
		DA8EE9F815DA0C6C00F5F0BC /* WeiboKitmac.framework */ = {isa = PBXFileReference; explicitFileType = wrapper.framework; includeInIndex = 0; path = WeiboKitmac.framework; sourceTree = BUILT_PRODUCTS_DIR; };
		DA8EE9F915DA0C6C00F5F0BC /* Cocoa.framework */ = {isa = PBXFileReference; lastKnownFileType = wrapper.framework; name = Cocoa.framework; path = Library/Frameworks/Cocoa.framework; sourceTree = DEVELOPER_DIR; };
		DACCEE6815DA07ED00A8BD52 /* libWeiboKit.a */ = {isa = PBXFileReference; explicitFileType = archive.ar; includeInIndex = 0; path = libWeiboKit.a; sourceTree = BUILT_PRODUCTS_DIR; };
		DACCEE6C15DA07ED00A8BD52 /* WeiboKit-Prefix.pch */ = {isa = PBXFileReference; lastKnownFileType = sourcecode.c.h; path = "WeiboKit-Prefix.pch"; sourceTree = "<group>"; };
/* End PBXFileReference section */

/* Begin PBXFrameworksBuildPhase section */
		DA8EE9F415DA0C6C00F5F0BC /* Frameworks */ = {
			isa = PBXFrameworksBuildPhase;
			buildActionMask = 2147483647;
			files = (
				DA8EE9FA15DA0C6C00F5F0BC /* Cocoa.framework in Frameworks */,
			);
			runOnlyForDeploymentPostprocessing = 0;
		};
		DACCEE6515DA07ED00A8BD52 /* Frameworks */ = {
			isa = PBXFrameworksBuildPhase;
			buildActionMask = 2147483647;
			files = (
				DACCEE6915DA07ED00A8BD52 /* Foundation.framework in Frameworks */,
				DACCEE9315DA08EB00A8BD52 /* CoreLocation.framework in Frameworks */,
			);
			runOnlyForDeploymentPostprocessing = 0;
		};
/* End PBXFrameworksBuildPhase section */

/* Begin PBXGroup section */
		DA66F8E315D5DE91000C5B0B = {
			isa = PBXGroup;
			children = (
				DA66F8F815D5DE91000C5B0B /* WeiboKit */,
				DA66F8F115D5DE91000C5B0B /* Frameworks */,
				DA66F8EF15D5DE91000C5B0B /* Products */,
			);
			sourceTree = "<group>";
		};
		DA66F8EF15D5DE91000C5B0B /* Products */ = {
			isa = PBXGroup;
			children = (
				DACCEE6815DA07ED00A8BD52 /* libWeiboKit.a */,
				DA8EE9F815DA0C6C00F5F0BC /* WeiboKitmac.framework */,
			);
			name = Products;
			sourceTree = "<group>";
		};
		DA66F8F115D5DE91000C5B0B /* Frameworks */ = {
			isa = PBXGroup;
			children = (
				DA1B27D515D7300400C7A7EE /* CoreLocation.framework */,
				DA66F8F415D5DE91000C5B0B /* Foundation.framework */,
				DA8EE9F915DA0C6C00F5F0BC /* Cocoa.framework */,
			);
			name = Frameworks;
			sourceTree = "<group>";
		};
		DA66F8F815D5DE91000C5B0B /* WeiboKit */ = {
			isa = PBXGroup;
			children = (
				DACCEE6B15DA07ED00A8BD52 /* Supporting Files */,
				DA66F92415D5E158000C5B0B /* Vendor */,
				DA66F99C15D62F69000C5B0B /* WKOAuth2Client.h */,
				DA66F99D15D62F69000C5B0B /* WKOAuth2Client.m */,
				DA1B27D115D72F6D00C7A7EE /* WKStatus.h */,
				DA1B27D215D72F6D00C7A7EE /* WKStatus.m */,
				DA1B27D715D7319200C7A7EE /* WKUser.h */,
				DA1B27D815D7319200C7A7EE /* WKUser.m */,
			);
			path = WeiboKit;
			sourceTree = "<group>";
		};
		DA66F92415D5E158000C5B0B /* Vendor */ = {
			isa = PBXGroup;
			children = (
				DA66F92515D5E158000C5B0B /* afnetowrking */,
				DA66F96615D5E158000C5B0B /* afoauth2client */,
			);
			path = Vendor;
			sourceTree = "<group>";
		};
		DA66F92515D5E158000C5B0B /* afnetowrking */ = {
			isa = PBXGroup;
			children = (
				DA66F92615D5E158000C5B0B /* AFNetworking */,
			);
			path = afnetowrking;
			sourceTree = "<group>";
		};
		DA66F92615D5E158000C5B0B /* AFNetworking */ = {
			isa = PBXGroup;
			children = (
				DA66F92715D5E158000C5B0B /* AFHTTPClient.h */,
				DA66F92815D5E158000C5B0B /* AFHTTPClient.m */,
				DA66F92915D5E158000C5B0B /* AFHTTPRequestOperation.h */,
				DA66F92A15D5E158000C5B0B /* AFHTTPRequestOperation.m */,
				DA66F92B15D5E158000C5B0B /* AFImageRequestOperation.h */,
				DA66F92C15D5E158000C5B0B /* AFImageRequestOperation.m */,
				DA66F92D15D5E158000C5B0B /* AFJSONRequestOperation.h */,
				DA66F92E15D5E158000C5B0B /* AFJSONRequestOperation.m */,
				DA66F92F15D5E158000C5B0B /* AFJSONUtilities.h */,
				DA66F93015D5E158000C5B0B /* AFJSONUtilities.m */,
				DA66F93115D5E158000C5B0B /* AFNetworkActivityIndicatorManager.h */,
				DA66F93215D5E158000C5B0B /* AFNetworkActivityIndicatorManager.m */,
				DA66F93315D5E158000C5B0B /* AFNetworking.h */,
				DA66F93415D5E158000C5B0B /* AFPropertyListRequestOperation.h */,
				DA66F93515D5E158000C5B0B /* AFPropertyListRequestOperation.m */,
				DA66F93615D5E158000C5B0B /* AFURLConnectionOperation.h */,
				DA66F93715D5E158000C5B0B /* AFURLConnectionOperation.m */,
				DA66F93815D5E158000C5B0B /* AFXMLRequestOperation.h */,
				DA66F93915D5E158000C5B0B /* AFXMLRequestOperation.m */,
				DA66F93A15D5E158000C5B0B /* UIImageView+AFNetworking.h */,
				DA66F93B15D5E158000C5B0B /* UIImageView+AFNetworking.m */,
			);
			path = AFNetworking;
			sourceTree = "<group>";
		};
		DA66F96615D5E158000C5B0B /* afoauth2client */ = {
			isa = PBXGroup;
			children = (
				DA66F96715D5E158000C5B0B /* AFOAuth2Client.h */,
				DA66F96815D5E158000C5B0B /* AFOAuth2Client.m */,
			);
			path = afoauth2client;
			sourceTree = "<group>";
		};
		DACCEE6B15DA07ED00A8BD52 /* Supporting Files */ = {
			isa = PBXGroup;
			children = (
				DACCEE6C15DA07ED00A8BD52 /* WeiboKit-Prefix.pch */,
			);
			name = "Supporting Files";
			sourceTree = "<group>";
		};
/* End PBXGroup section */

/* Begin PBXHeadersBuildPhase section */
		DA8EE9F515DA0C6C00F5F0BC /* Headers */ = {
			isa = PBXHeadersBuildPhase;
			buildActionMask = 2147483647;
			files = (
			);
			runOnlyForDeploymentPostprocessing = 0;
		};
/* End PBXHeadersBuildPhase section */

/* Begin PBXNativeTarget section */
		DA8EE9F715DA0C6C00F5F0BC /* WeiboKitmac */ = {
			isa = PBXNativeTarget;
			buildConfigurationList = DA8EEA0915DA0C6C00F5F0BC /* Build configuration list for PBXNativeTarget "WeiboKitmac" */;
			buildPhases = (
				DA8EE9F315DA0C6C00F5F0BC /* Sources */,
				DA8EE9F415DA0C6C00F5F0BC /* Frameworks */,
				DA8EE9F515DA0C6C00F5F0BC /* Headers */,
				DA8EE9F615DA0C6C00F5F0BC /* Resources */,
			);
			buildRules = (
			);
			dependencies = (
			);
			name = WeiboKitmac;
			productName = WeiboKitmac;
			productReference = DA8EE9F815DA0C6C00F5F0BC /* WeiboKitmac.framework */;
			productType = "com.apple.product-type.framework";
		};
		DACCEE6715DA07ED00A8BD52 /* WeiboKit */ = {
			isa = PBXNativeTarget;
			buildConfigurationList = DACCEE7115DA07ED00A8BD52 /* Build configuration list for PBXNativeTarget "WeiboKit" */;
			buildPhases = (
				DACCEE6415DA07ED00A8BD52 /* Sources */,
				DACCEE6515DA07ED00A8BD52 /* Frameworks */,
				DACCEE6615DA07ED00A8BD52 /* CopyFiles */,
			);
			buildRules = (
			);
			dependencies = (
			);
			name = WeiboKit;
			productName = WeiboKit;
			productReference = DACCEE6815DA07ED00A8BD52 /* libWeiboKit.a */;
			productType = "com.apple.product-type.library.static";
		};
/* End PBXNativeTarget section */

/* Begin PBXProject section */
		DA66F8E515D5DE91000C5B0B /* Project object */ = {
			isa = PBXProject;
			attributes = {
				CLASSPREFIX = PW;
				LastUpgradeCheck = 0450;
				ORGANIZATIONNAME = "Paul Wood";
			};
			buildConfigurationList = DA66F8E815D5DE91000C5B0B /* Build configuration list for PBXProject "WeiboKit" */;
			compatibilityVersion = "Xcode 3.2";
			developmentRegion = English;
			hasScannedForEncodings = 0;
			knownRegions = (
				en,
			);
			mainGroup = DA66F8E315D5DE91000C5B0B;
			productRefGroup = DA66F8EF15D5DE91000C5B0B /* Products */;
			projectDirPath = "";
			projectRoot = "";
			targets = (
				DACCEE6715DA07ED00A8BD52 /* WeiboKit */,
				DA8EE9F715DA0C6C00F5F0BC /* WeiboKitmac */,
			);
		};
/* End PBXProject section */

/* Begin PBXResourcesBuildPhase section */
		DA8EE9F615DA0C6C00F5F0BC /* Resources */ = {
			isa = PBXResourcesBuildPhase;
			buildActionMask = 2147483647;
			files = (
			);
			runOnlyForDeploymentPostprocessing = 0;
		};
/* End PBXResourcesBuildPhase section */

/* Begin PBXSourcesBuildPhase section */
		DA8EE9F315DA0C6C00F5F0BC /* Sources */ = {
			isa = PBXSourcesBuildPhase;
			buildActionMask = 2147483647;
			files = (
			);
			runOnlyForDeploymentPostprocessing = 0;
		};
		DACCEE6415DA07ED00A8BD52 /* Sources */ = {
			isa = PBXSourcesBuildPhase;
			buildActionMask = 2147483647;
			files = (
				DACCEE9415DA090E00A8BD52 /* AFHTTPClient.m in Sources */,
				DACCEE9515DA090E00A8BD52 /* AFHTTPRequestOperation.m in Sources */,
				DACCEE9615DA090E00A8BD52 /* AFImageRequestOperation.m in Sources */,
				DACCEE9715DA090E00A8BD52 /* AFJSONRequestOperation.m in Sources */,
				DACCEE9815DA090E00A8BD52 /* AFJSONUtilities.m in Sources */,
				DACCEE9915DA090E00A8BD52 /* AFNetworkActivityIndicatorManager.m in Sources */,
				DACCEE9A15DA090E00A8BD52 /* AFPropertyListRequestOperation.m in Sources */,
				DACCEE9B15DA090E00A8BD52 /* AFURLConnectionOperation.m in Sources */,
				DACCEE9C15DA090E00A8BD52 /* AFXMLRequestOperation.m in Sources */,
				DACCEE9D15DA090E00A8BD52 /* UIImageView+AFNetworking.m in Sources */,
				DACCEE9E15DA090E00A8BD52 /* AFOAuth2Client.m in Sources */,
				DACCEE9F15DA090E00A8BD52 /* WKOAuth2Client.m in Sources */,
				DACCEEA015DA090E00A8BD52 /* WKStatus.m in Sources */,
				DACCEEA115DA090E00A8BD52 /* WKUser.m in Sources */,
			);
			runOnlyForDeploymentPostprocessing = 0;
		};
/* End PBXSourcesBuildPhase section */

/* Begin XCBuildConfiguration section */
		DA66F90415D5DE91000C5B0B /* Debug */ = {
			isa = XCBuildConfiguration;
			buildSettings = {
				ALWAYS_SEARCH_USER_PATHS = NO;
				CLANG_CXX_LANGUAGE_STANDARD = "gnu++0x";
				CLANG_CXX_LIBRARY = "libc++";
				CLANG_ENABLE_OBJC_ARC = YES;
				CLANG_WARN__DUPLICATE_METHOD_MATCH = YES;
				COPY_PHASE_STRIP = NO;
				GCC_C_LANGUAGE_STANDARD = gnu99;
				GCC_DYNAMIC_NO_PIC = NO;
				GCC_OPTIMIZATION_LEVEL = 0;
				GCC_PREPROCESSOR_DEFINITIONS = (
					"DEBUG=1",
					"$(inherited)",
				);
				GCC_SYMBOLS_PRIVATE_EXTERN = NO;
				GCC_WARN_ABOUT_RETURN_TYPE = YES;
				GCC_WARN_UNINITIALIZED_AUTOS = YES;
				GCC_WARN_UNUSED_VARIABLE = YES;
				IPHONEOS_DEPLOYMENT_TARGET = 6.0;
				SDKROOT = iphoneos;
			};
			name = Debug;
		};
		DA66F90515D5DE91000C5B0B /* Release */ = {
			isa = XCBuildConfiguration;
			buildSettings = {
				ALWAYS_SEARCH_USER_PATHS = NO;
				CLANG_CXX_LANGUAGE_STANDARD = "gnu++0x";
				CLANG_CXX_LIBRARY = "libc++";
				CLANG_ENABLE_OBJC_ARC = YES;
				CLANG_WARN__DUPLICATE_METHOD_MATCH = YES;
				COPY_PHASE_STRIP = YES;
				GCC_C_LANGUAGE_STANDARD = gnu99;
				GCC_WARN_ABOUT_RETURN_TYPE = YES;
				GCC_WARN_UNINITIALIZED_AUTOS = YES;
				GCC_WARN_UNUSED_VARIABLE = YES;
				IPHONEOS_DEPLOYMENT_TARGET = 6.0;
				OTHER_CFLAGS = "-DNS_BLOCK_ASSERTIONS=1";
				SDKROOT = iphoneos;
				VALIDATE_PRODUCT = YES;
			};
			name = Release;
		};
		DA8EEA0A15DA0C6C00F5F0BC /* Debug */ = {
			isa = XCBuildConfiguration;
			buildSettings = {
				ARCHS = "$(ARCHS_STANDARD_64_BIT)";
				COMBINE_HIDPI_IMAGES = YES;
				DYLIB_COMPATIBILITY_VERSION = 1;
				DYLIB_CURRENT_VERSION = 1;
				FRAMEWORK_SEARCH_PATHS = (
					"$(inherited)",
					"\"$(SYSTEM_APPS_DIR)/Xcode45-DP4.app/Contents/Developer/Library/Frameworks\"",
				);
				FRAMEWORK_VERSION = A;
				GCC_ENABLE_OBJC_EXCEPTIONS = YES;
				GCC_PRECOMPILE_PREFIX_HEADER = YES;
				GCC_PREFIX_HEADER = "WeiboKitmac/WeiboKitmac-Prefix.pch";
				GCC_WARN_64_TO_32_BIT_CONVERSION = YES;
				INFOPLIST_FILE = "WeiboKitmac/WeiboKitmac-Info.plist";
				MACOSX_DEPLOYMENT_TARGET = 10.8;
				ONLY_ACTIVE_ARCH = YES;
				PRODUCT_NAME = "$(TARGET_NAME)";
				SDKROOT = macosx;
				WRAPPER_EXTENSION = framework;
			};
			name = Debug;
		};
		DA8EEA0B15DA0C6C00F5F0BC /* Release */ = {
			isa = XCBuildConfiguration;
			buildSettings = {
				ARCHS = "$(ARCHS_STANDARD_64_BIT)";
				COMBINE_HIDPI_IMAGES = YES;
				DEBUG_INFORMATION_FORMAT = "dwarf-with-dsym";
				DYLIB_COMPATIBILITY_VERSION = 1;
				DYLIB_CURRENT_VERSION = 1;
				FRAMEWORK_SEARCH_PATHS = (
					"$(inherited)",
					"\"$(SYSTEM_APPS_DIR)/Xcode45-DP4.app/Contents/Developer/Library/Frameworks\"",
				);
				FRAMEWORK_VERSION = A;
				GCC_ENABLE_OBJC_EXCEPTIONS = YES;
				GCC_PRECOMPILE_PREFIX_HEADER = YES;
				GCC_PREFIX_HEADER = "WeiboKitmac/WeiboKitmac-Prefix.pch";
				GCC_WARN_64_TO_32_BIT_CONVERSION = YES;
				INFOPLIST_FILE = "WeiboKitmac/WeiboKitmac-Info.plist";
				MACOSX_DEPLOYMENT_TARGET = 10.8;
				PRODUCT_NAME = "$(TARGET_NAME)";
				SDKROOT = macosx;
				WRAPPER_EXTENSION = framework;
			};
			name = Release;
		};
		DACCEE7215DA07ED00A8BD52 /* Debug */ = {
			isa = XCBuildConfiguration;
			buildSettings = {
				DSTROOT = /tmp/WeiboKit.dst;
				GCC_PRECOMPILE_PREFIX_HEADER = YES;
				GCC_PREFIX_HEADER = "WeiboKit/WeiboKit-Prefix.pch";
				OTHER_LDFLAGS = "-ObjC";
				PRODUCT_NAME = "$(TARGET_NAME)";
				SKIP_INSTALL = YES;
			};
			name = Debug;
		};
		DACCEE7315DA07ED00A8BD52 /* Release */ = {
			isa = XCBuildConfiguration;
			buildSettings = {
				DSTROOT = /tmp/WeiboKit.dst;
				GCC_PRECOMPILE_PREFIX_HEADER = YES;
				GCC_PREFIX_HEADER = "WeiboKit/WeiboKit-Prefix.pch";
				OTHER_LDFLAGS = "-ObjC";
				PRODUCT_NAME = "$(TARGET_NAME)";
				SKIP_INSTALL = YES;
			};
			name = Release;
		};
/* End XCBuildConfiguration section */

/* Begin XCConfigurationList section */
		DA66F8E815D5DE91000C5B0B /* Build configuration list for PBXProject "WeiboKit" */ = {
			isa = XCConfigurationList;
			buildConfigurations = (
				DA66F90415D5DE91000C5B0B /* Debug */,
				DA66F90515D5DE91000C5B0B /* Release */,
			);
			defaultConfigurationIsVisible = 0;
			defaultConfigurationName = Release;
		};
		DA8EEA0915DA0C6C00F5F0BC /* Build configuration list for PBXNativeTarget "WeiboKitmac" */ = {
			isa = XCConfigurationList;
			buildConfigurations = (
				DA8EEA0A15DA0C6C00F5F0BC /* Debug */,
				DA8EEA0B15DA0C6C00F5F0BC /* Release */,
			);
			defaultConfigurationIsVisible = 0;
			defaultConfigurationName = Release;
		};
		DACCEE7115DA07ED00A8BD52 /* Build configuration list for PBXNativeTarget "WeiboKit" */ = {
			isa = XCConfigurationList;
			buildConfigurations = (
				DACCEE7215DA07ED00A8BD52 /* Debug */,
				DACCEE7315DA07ED00A8BD52 /* Release */,
			);
			defaultConfigurationIsVisible = 0;
			defaultConfigurationName = Release;
		};
/* End XCConfigurationList section */
	};
	rootObject = DA66F8E515D5DE91000C5B0B /* Project object */;
}
