// !$*UTF8*$!
{
	archiveVersion = 1;
	classes = {
	};
	objectVersion = 46;
	objects = {

/* Begin PBXBuildFile section */
		DA8EE9FA15DA0C6C00F5F0BC /* Cocoa.framework in Frameworks */ = {isa = PBXBuildFile; fileRef = DA8EE9F915DA0C6C00F5F0BC /* Cocoa.framework */; };
		DA90303B15DA2DD500F02E0D /* AFHTTPClient.h in Headers */ = {isa = PBXBuildFile; fileRef = DA90302615DA2DD500F02E0D /* AFHTTPClient.h */; };
		DA90303C15DA2DD500F02E0D /* AFHTTPClient.m in Sources */ = {isa = PBXBuildFile; fileRef = DA90302715DA2DD500F02E0D /* AFHTTPClient.m */; settings = {COMPILER_FLAGS = "-fno-objc-arc"; }; };
		DA90303D15DA2DD500F02E0D /* AFHTTPClient.m in Sources */ = {isa = PBXBuildFile; fileRef = DA90302715DA2DD500F02E0D /* AFHTTPClient.m */; };
		DA90303E15DA2DD500F02E0D /* AFHTTPRequestOperation.h in Headers */ = {isa = PBXBuildFile; fileRef = DA90302815DA2DD500F02E0D /* AFHTTPRequestOperation.h */; };
		DA90303F15DA2DD500F02E0D /* AFHTTPRequestOperation.m in Sources */ = {isa = PBXBuildFile; fileRef = DA90302915DA2DD500F02E0D /* AFHTTPRequestOperation.m */; settings = {COMPILER_FLAGS = "-fno-objc-arc"; }; };
		DA90304015DA2DD500F02E0D /* AFHTTPRequestOperation.m in Sources */ = {isa = PBXBuildFile; fileRef = DA90302915DA2DD500F02E0D /* AFHTTPRequestOperation.m */; };
		DA90304115DA2DD500F02E0D /* AFImageRequestOperation.h in Headers */ = {isa = PBXBuildFile; fileRef = DA90302A15DA2DD500F02E0D /* AFImageRequestOperation.h */; };
		DA90304215DA2DD500F02E0D /* AFImageRequestOperation.m in Sources */ = {isa = PBXBuildFile; fileRef = DA90302B15DA2DD500F02E0D /* AFImageRequestOperation.m */; settings = {COMPILER_FLAGS = "-fno-objc-arc"; }; };
		DA90304315DA2DD500F02E0D /* AFImageRequestOperation.m in Sources */ = {isa = PBXBuildFile; fileRef = DA90302B15DA2DD500F02E0D /* AFImageRequestOperation.m */; };
		DA90304415DA2DD500F02E0D /* AFJSONRequestOperation.h in Headers */ = {isa = PBXBuildFile; fileRef = DA90302C15DA2DD500F02E0D /* AFJSONRequestOperation.h */; };
		DA90304515DA2DD500F02E0D /* AFJSONRequestOperation.m in Sources */ = {isa = PBXBuildFile; fileRef = DA90302D15DA2DD500F02E0D /* AFJSONRequestOperation.m */; settings = {COMPILER_FLAGS = "-fno-objc-arc"; }; };
		DA90304615DA2DD500F02E0D /* AFJSONRequestOperation.m in Sources */ = {isa = PBXBuildFile; fileRef = DA90302D15DA2DD500F02E0D /* AFJSONRequestOperation.m */; };
		DA90304715DA2DD500F02E0D /* AFJSONUtilities.h in Headers */ = {isa = PBXBuildFile; fileRef = DA90302E15DA2DD500F02E0D /* AFJSONUtilities.h */; };
		DA90304815DA2DD500F02E0D /* AFJSONUtilities.m in Sources */ = {isa = PBXBuildFile; fileRef = DA90302F15DA2DD500F02E0D /* AFJSONUtilities.m */; settings = {COMPILER_FLAGS = "-fno-objc-arc"; }; };
		DA90304915DA2DD500F02E0D /* AFJSONUtilities.m in Sources */ = {isa = PBXBuildFile; fileRef = DA90302F15DA2DD500F02E0D /* AFJSONUtilities.m */; };
		DA90304A15DA2DD500F02E0D /* AFNetworkActivityIndicatorManager.h in Headers */ = {isa = PBXBuildFile; fileRef = DA90303015DA2DD500F02E0D /* AFNetworkActivityIndicatorManager.h */; };
		DA90304B15DA2DD500F02E0D /* AFNetworkActivityIndicatorManager.m in Sources */ = {isa = PBXBuildFile; fileRef = DA90303115DA2DD500F02E0D /* AFNetworkActivityIndicatorManager.m */; settings = {COMPILER_FLAGS = "-fno-objc-arc"; }; };
		DA90304C15DA2DD500F02E0D /* AFNetworkActivityIndicatorManager.m in Sources */ = {isa = PBXBuildFile; fileRef = DA90303115DA2DD500F02E0D /* AFNetworkActivityIndicatorManager.m */; };
		DA90304D15DA2DD500F02E0D /* AFNetworking.h in Headers */ = {isa = PBXBuildFile; fileRef = DA90303215DA2DD500F02E0D /* AFNetworking.h */; };
		DA90304E15DA2DD500F02E0D /* AFPropertyListRequestOperation.h in Headers */ = {isa = PBXBuildFile; fileRef = DA90303315DA2DD500F02E0D /* AFPropertyListRequestOperation.h */; };
		DA90304F15DA2DD500F02E0D /* AFPropertyListRequestOperation.m in Sources */ = {isa = PBXBuildFile; fileRef = DA90303415DA2DD500F02E0D /* AFPropertyListRequestOperation.m */; settings = {COMPILER_FLAGS = "-fno-objc-arc"; }; };
		DA90305015DA2DD500F02E0D /* AFPropertyListRequestOperation.m in Sources */ = {isa = PBXBuildFile; fileRef = DA90303415DA2DD500F02E0D /* AFPropertyListRequestOperation.m */; };
		DA90305115DA2DD500F02E0D /* AFURLConnectionOperation.h in Headers */ = {isa = PBXBuildFile; fileRef = DA90303515DA2DD500F02E0D /* AFURLConnectionOperation.h */; };
		DA90305215DA2DD500F02E0D /* AFURLConnectionOperation.m in Sources */ = {isa = PBXBuildFile; fileRef = DA90303615DA2DD500F02E0D /* AFURLConnectionOperation.m */; settings = {COMPILER_FLAGS = "-fno-objc-arc"; }; };
		DA90305315DA2DD500F02E0D /* AFURLConnectionOperation.m in Sources */ = {isa = PBXBuildFile; fileRef = DA90303615DA2DD500F02E0D /* AFURLConnectionOperation.m */; };
		DA90305415DA2DD500F02E0D /* AFXMLRequestOperation.h in Headers */ = {isa = PBXBuildFile; fileRef = DA90303715DA2DD500F02E0D /* AFXMLRequestOperation.h */; };
		DA90305515DA2DD500F02E0D /* AFXMLRequestOperation.m in Sources */ = {isa = PBXBuildFile; fileRef = DA90303815DA2DD500F02E0D /* AFXMLRequestOperation.m */; settings = {COMPILER_FLAGS = "-fno-objc-arc"; }; };
		DA90305615DA2DD500F02E0D /* AFXMLRequestOperation.m in Sources */ = {isa = PBXBuildFile; fileRef = DA90303815DA2DD500F02E0D /* AFXMLRequestOperation.m */; };
		DA90305715DA2DD500F02E0D /* UIImageView+AFNetworking.h in Headers */ = {isa = PBXBuildFile; fileRef = DA90303915DA2DD500F02E0D /* UIImageView+AFNetworking.h */; };
		DA90305815DA2DD500F02E0D /* UIImageView+AFNetworking.m in Sources */ = {isa = PBXBuildFile; fileRef = DA90303A15DA2DD500F02E0D /* UIImageView+AFNetworking.m */; settings = {COMPILER_FLAGS = "-fno-objc-arc"; }; };
		DA90305915DA2DD500F02E0D /* UIImageView+AFNetworking.m in Sources */ = {isa = PBXBuildFile; fileRef = DA90303A15DA2DD500F02E0D /* UIImageView+AFNetworking.m */; };
		DACCEE6915DA07ED00A8BD52 /* Foundation.framework in Frameworks */ = {isa = PBXBuildFile; fileRef = DA66F8F415D5DE91000C5B0B /* Foundation.framework */; };
		DACCEE9315DA08EB00A8BD52 /* CoreLocation.framework in Frameworks */ = {isa = PBXBuildFile; fileRef = DA1B27D515D7300400C7A7EE /* CoreLocation.framework */; };
		DACCEE9F15DA090E00A8BD52 /* WKOAuth2Client.m in Sources */ = {isa = PBXBuildFile; fileRef = DA66F99D15D62F69000C5B0B /* WKOAuth2Client.m */; };
		DACCEEA015DA090E00A8BD52 /* WKStatus.m in Sources */ = {isa = PBXBuildFile; fileRef = DA1B27D215D72F6D00C7A7EE /* WKStatus.m */; };
		DACCEEA115DA090E00A8BD52 /* WKUser.m in Sources */ = {isa = PBXBuildFile; fileRef = DA1B27D815D7319200C7A7EE /* WKUser.m */; };
		DAD357BF15DB2BC200DCA70A /* SSKeychain.h in Headers */ = {isa = PBXBuildFile; fileRef = DAD357AC15DB2BC200DCA70A /* SSKeychain.h */; };
		DAD357C015DB2BC200DCA70A /* SSKeychain.m in Sources */ = {isa = PBXBuildFile; fileRef = DAD357AD15DB2BC200DCA70A /* SSKeychain.m */; };
		DAD357C115DB2BC200DCA70A /* SSKeychain.m in Sources */ = {isa = PBXBuildFile; fileRef = DAD357AD15DB2BC200DCA70A /* SSKeychain.m */; };
		DAD357D315DB2CA800DCA70A /* WKAuthorize.h in Headers */ = {isa = PBXBuildFile; fileRef = DAD357CF15DB2CA700DCA70A /* WKAuthorize.h */; };
		DAD357D415DB2CA800DCA70A /* WKAuthorize.m in Sources */ = {isa = PBXBuildFile; fileRef = DAD357D015DB2CA700DCA70A /* WKAuthorize.m */; };
		DAD357D515DB2CA800DCA70A /* WKAuthorize.m in Sources */ = {isa = PBXBuildFile; fileRef = DAD357D015DB2CA700DCA70A /* WKAuthorize.m */; };
		DAD357D615DB2CA800DCA70A /* WKAuthorizeWebView.h in Headers */ = {isa = PBXBuildFile; fileRef = DAD357D115DB2CA700DCA70A /* WKAuthorizeWebView.h */; };
		DAD357D715DB2CA800DCA70A /* WKAuthorizeWebView.m in Sources */ = {isa = PBXBuildFile; fileRef = DAD357D215DB2CA800DCA70A /* WKAuthorizeWebView.m */; };
		DAD357D815DB2CA800DCA70A /* WKAuthorizeWebView.m in Sources */ = {isa = PBXBuildFile; fileRef = DAD357D215DB2CA800DCA70A /* WKAuthorizeWebView.m */; };
		DAD357DE15DB375400DCA70A /* Security.framework in Frameworks */ = {isa = PBXBuildFile; fileRef = DAD357DD15DB375400DCA70A /* Security.framework */; };
		DAF6FF6B15DA320F0031871E /* AFOAuth2Client.m in Sources */ = {isa = PBXBuildFile; fileRef = DA90301415DA2DB500F02E0D /* AFOAuth2Client.m */; settings = {COMPILER_FLAGS = "-fno-objc-arc"; }; };
/* End PBXBuildFile section */

/* Begin PBXCopyFilesBuildPhase section */
		DACCEE6615DA07ED00A8BD52 /* CopyFiles */ = {
			isa = PBXCopyFilesBuildPhase;
			buildActionMask = 2147483647;
			dstPath = "include/${PRODUCT_NAME}";
			dstSubfolderSpec = 16;
			files = (
			);
			runOnlyForDeploymentPostprocessing = 0;
		};
/* End PBXCopyFilesBuildPhase section */

/* Begin PBXFileReference section */
		DA1B27D115D72F6D00C7A7EE /* WKStatus.h */ = {isa = PBXFileReference; fileEncoding = 4; lastKnownFileType = sourcecode.c.h; path = WKStatus.h; sourceTree = "<group>"; };
		DA1B27D215D72F6D00C7A7EE /* WKStatus.m */ = {isa = PBXFileReference; fileEncoding = 4; lastKnownFileType = sourcecode.c.objc; path = WKStatus.m; sourceTree = "<group>"; };
		DA1B27D515D7300400C7A7EE /* CoreLocation.framework */ = {isa = PBXFileReference; lastKnownFileType = wrapper.framework; name = CoreLocation.framework; path = System/Library/Frameworks/CoreLocation.framework; sourceTree = SDKROOT; };
		DA1B27D715D7319200C7A7EE /* WKUser.h */ = {isa = PBXFileReference; fileEncoding = 4; lastKnownFileType = sourcecode.c.h; path = WKUser.h; sourceTree = "<group>"; };
		DA1B27D815D7319200C7A7EE /* WKUser.m */ = {isa = PBXFileReference; fileEncoding = 4; lastKnownFileType = sourcecode.c.objc; path = WKUser.m; sourceTree = "<group>"; };
		DA66F8F415D5DE91000C5B0B /* Foundation.framework */ = {isa = PBXFileReference; lastKnownFileType = wrapper.framework; name = Foundation.framework; path = System/Library/Frameworks/Foundation.framework; sourceTree = SDKROOT; };
		DA66F99C15D62F69000C5B0B /* WKOAuth2Client.h */ = {isa = PBXFileReference; fileEncoding = 4; lastKnownFileType = sourcecode.c.h; path = WKOAuth2Client.h; sourceTree = "<group>"; };
		DA66F99D15D62F69000C5B0B /* WKOAuth2Client.m */ = {isa = PBXFileReference; fileEncoding = 4; lastKnownFileType = sourcecode.c.objc; path = WKOAuth2Client.m; sourceTree = "<group>"; };
		DA8EE9F815DA0C6C00F5F0BC /* WeiboKitmac.framework */ = {isa = PBXFileReference; explicitFileType = wrapper.framework; includeInIndex = 0; path = WeiboKitmac.framework; sourceTree = BUILT_PRODUCTS_DIR; };
		DA8EE9F915DA0C6C00F5F0BC /* Cocoa.framework */ = {isa = PBXFileReference; lastKnownFileType = wrapper.framework; name = Cocoa.framework; path = Library/Frameworks/Cocoa.framework; sourceTree = DEVELOPER_DIR; };
		DA90301315DA2DB500F02E0D /* AFOAuth2Client.h */ = {isa = PBXFileReference; lastKnownFileType = sourcecode.c.h; path = AFOAuth2Client.h; sourceTree = "<group>"; };
		DA90301415DA2DB500F02E0D /* AFOAuth2Client.m */ = {isa = PBXFileReference; lastKnownFileType = sourcecode.c.objc; path = AFOAuth2Client.m; sourceTree = "<group>"; };
		DA90302615DA2DD500F02E0D /* AFHTTPClient.h */ = {isa = PBXFileReference; fileEncoding = 4; lastKnownFileType = sourcecode.c.h; path = AFHTTPClient.h; sourceTree = "<group>"; };
		DA90302715DA2DD500F02E0D /* AFHTTPClient.m */ = {isa = PBXFileReference; fileEncoding = 4; lastKnownFileType = sourcecode.c.objc; path = AFHTTPClient.m; sourceTree = "<group>"; };
		DA90302815DA2DD500F02E0D /* AFHTTPRequestOperation.h */ = {isa = PBXFileReference; fileEncoding = 4; lastKnownFileType = sourcecode.c.h; path = AFHTTPRequestOperation.h; sourceTree = "<group>"; };
		DA90302915DA2DD500F02E0D /* AFHTTPRequestOperation.m */ = {isa = PBXFileReference; fileEncoding = 4; lastKnownFileType = sourcecode.c.objc; path = AFHTTPRequestOperation.m; sourceTree = "<group>"; };
		DA90302A15DA2DD500F02E0D /* AFImageRequestOperation.h */ = {isa = PBXFileReference; fileEncoding = 4; lastKnownFileType = sourcecode.c.h; path = AFImageRequestOperation.h; sourceTree = "<group>"; };
		DA90302B15DA2DD500F02E0D /* AFImageRequestOperation.m */ = {isa = PBXFileReference; fileEncoding = 4; lastKnownFileType = sourcecode.c.objc; path = AFImageRequestOperation.m; sourceTree = "<group>"; };
		DA90302C15DA2DD500F02E0D /* AFJSONRequestOperation.h */ = {isa = PBXFileReference; fileEncoding = 4; lastKnownFileType = sourcecode.c.h; path = AFJSONRequestOperation.h; sourceTree = "<group>"; };
		DA90302D15DA2DD500F02E0D /* AFJSONRequestOperation.m */ = {isa = PBXFileReference; fileEncoding = 4; lastKnownFileType = sourcecode.c.objc; path = AFJSONRequestOperation.m; sourceTree = "<group>"; };
		DA90302E15DA2DD500F02E0D /* AFJSONUtilities.h */ = {isa = PBXFileReference; fileEncoding = 4; lastKnownFileType = sourcecode.c.h; path = AFJSONUtilities.h; sourceTree = "<group>"; };
		DA90302F15DA2DD500F02E0D /* AFJSONUtilities.m */ = {isa = PBXFileReference; fileEncoding = 4; lastKnownFileType = sourcecode.c.objc; path = AFJSONUtilities.m; sourceTree = "<group>"; };
		DA90303015DA2DD500F02E0D /* AFNetworkActivityIndicatorManager.h */ = {isa = PBXFileReference; fileEncoding = 4; lastKnownFileType = sourcecode.c.h; path = AFNetworkActivityIndicatorManager.h; sourceTree = "<group>"; };
		DA90303115DA2DD500F02E0D /* AFNetworkActivityIndicatorManager.m */ = {isa = PBXFileReference; fileEncoding = 4; lastKnownFileType = sourcecode.c.objc; path = AFNetworkActivityIndicatorManager.m; sourceTree = "<group>"; };
		DA90303215DA2DD500F02E0D /* AFNetworking.h */ = {isa = PBXFileReference; fileEncoding = 4; lastKnownFileType = sourcecode.c.h; path = AFNetworking.h; sourceTree = "<group>"; };
		DA90303315DA2DD500F02E0D /* AFPropertyListRequestOperation.h */ = {isa = PBXFileReference; fileEncoding = 4; lastKnownFileType = sourcecode.c.h; path = AFPropertyListRequestOperation.h; sourceTree = "<group>"; };
		DA90303415DA2DD500F02E0D /* AFPropertyListRequestOperation.m */ = {isa = PBXFileReference; fileEncoding = 4; lastKnownFileType = sourcecode.c.objc; path = AFPropertyListRequestOperation.m; sourceTree = "<group>"; };
		DA90303515DA2DD500F02E0D /* AFURLConnectionOperation.h */ = {isa = PBXFileReference; fileEncoding = 4; lastKnownFileType = sourcecode.c.h; path = AFURLConnectionOperation.h; sourceTree = "<group>"; };
		DA90303615DA2DD500F02E0D /* AFURLConnectionOperation.m */ = {isa = PBXFileReference; fileEncoding = 4; lastKnownFileType = sourcecode.c.objc; path = AFURLConnectionOperation.m; sourceTree = "<group>"; };
		DA90303715DA2DD500F02E0D /* AFXMLRequestOperation.h */ = {isa = PBXFileReference; fileEncoding = 4; lastKnownFileType = sourcecode.c.h; path = AFXMLRequestOperation.h; sourceTree = "<group>"; };
		DA90303815DA2DD500F02E0D /* AFXMLRequestOperation.m */ = {isa = PBXFileReference; fileEncoding = 4; lastKnownFileType = sourcecode.c.objc; path = AFXMLRequestOperation.m; sourceTree = "<group>"; };
		DA90303915DA2DD500F02E0D /* UIImageView+AFNetworking.h */ = {isa = PBXFileReference; fileEncoding = 4; lastKnownFileType = sourcecode.c.h; path = "UIImageView+AFNetworking.h"; sourceTree = "<group>"; };
		DA90303A15DA2DD500F02E0D /* UIImageView+AFNetworking.m */ = {isa = PBXFileReference; fileEncoding = 4; lastKnownFileType = sourcecode.c.objc; path = "UIImageView+AFNetworking.m"; sourceTree = "<group>"; };
		DACCEE6815DA07ED00A8BD52 /* libWeiboKit.a */ = {isa = PBXFileReference; explicitFileType = archive.ar; includeInIndex = 0; path = libWeiboKit.a; sourceTree = BUILT_PRODUCTS_DIR; };
		DACCEE6C15DA07ED00A8BD52 /* WeiboKit-Prefix.pch */ = {isa = PBXFileReference; lastKnownFileType = sourcecode.c.h; path = "WeiboKit-Prefix.pch"; sourceTree = "<group>"; };
		DAD357AC15DB2BC200DCA70A /* SSKeychain.h */ = {isa = PBXFileReference; fileEncoding = 4; lastKnownFileType = sourcecode.c.h; path = SSKeychain.h; sourceTree = "<group>"; };
		DAD357AD15DB2BC200DCA70A /* SSKeychain.m */ = {isa = PBXFileReference; fileEncoding = 4; lastKnownFileType = sourcecode.c.objc; path = SSKeychain.m; sourceTree = "<group>"; };
		DAD357CF15DB2CA700DCA70A /* WKAuthorize.h */ = {isa = PBXFileReference; fileEncoding = 4; lastKnownFileType = sourcecode.c.h; path = WKAuthorize.h; sourceTree = "<group>"; };
		DAD357D015DB2CA700DCA70A /* WKAuthorize.m */ = {isa = PBXFileReference; fileEncoding = 4; lastKnownFileType = sourcecode.c.objc; path = WKAuthorize.m; sourceTree = "<group>"; };
		DAD357D115DB2CA700DCA70A /* WKAuthorizeWebView.h */ = {isa = PBXFileReference; fileEncoding = 4; lastKnownFileType = sourcecode.c.h; path = WKAuthorizeWebView.h; sourceTree = "<group>"; };
		DAD357D215DB2CA800DCA70A /* WKAuthorizeWebView.m */ = {isa = PBXFileReference; fileEncoding = 4; lastKnownFileType = sourcecode.c.objc; path = WKAuthorizeWebView.m; sourceTree = "<group>"; };
		DAD357DD15DB375400DCA70A /* Security.framework */ = {isa = PBXFileReference; lastKnownFileType = wrapper.framework; name = Security.framework; path = System/Library/Frameworks/Security.framework; sourceTree = SDKROOT; };
/* End PBXFileReference section */

/* Begin PBXFrameworksBuildPhase section */
		DA8EE9F415DA0C6C00F5F0BC /* Frameworks */ = {
			isa = PBXFrameworksBuildPhase;
			buildActionMask = 2147483647;
			files = (
				DA8EE9FA15DA0C6C00F5F0BC /* Cocoa.framework in Frameworks */,
			);
			runOnlyForDeploymentPostprocessing = 0;
		};
		DACCEE6515DA07ED00A8BD52 /* Frameworks */ = {
			isa = PBXFrameworksBuildPhase;
			buildActionMask = 2147483647;
			files = (
				DAD357DE15DB375400DCA70A /* Security.framework in Frameworks */,
				DACCEE6915DA07ED00A8BD52 /* Foundation.framework in Frameworks */,
				DACCEE9315DA08EB00A8BD52 /* CoreLocation.framework in Frameworks */,
			);
			runOnlyForDeploymentPostprocessing = 0;
		};
/* End PBXFrameworksBuildPhase section */

/* Begin PBXGroup section */
		DA66F8E315D5DE91000C5B0B = {
			isa = PBXGroup;
			children = (
				DA66F8F815D5DE91000C5B0B /* WeiboKit */,
				DA66F8F115D5DE91000C5B0B /* Frameworks */,
				DA66F8EF15D5DE91000C5B0B /* Products */,
			);
			sourceTree = "<group>";
		};
		DA66F8EF15D5DE91000C5B0B /* Products */ = {
			isa = PBXGroup;
			children = (
				DACCEE6815DA07ED00A8BD52 /* libWeiboKit.a */,
				DA8EE9F815DA0C6C00F5F0BC /* WeiboKitmac.framework */,
			);
			name = Products;
			sourceTree = "<group>";
		};
		DA66F8F115D5DE91000C5B0B /* Frameworks */ = {
			isa = PBXGroup;
			children = (
				DAD357DD15DB375400DCA70A /* Security.framework */,
				DA1B27D515D7300400C7A7EE /* CoreLocation.framework */,
				DA66F8F415D5DE91000C5B0B /* Foundation.framework */,
				DA8EE9F915DA0C6C00F5F0BC /* Cocoa.framework */,
			);
			name = Frameworks;
			sourceTree = "<group>";
		};
		DA66F8F815D5DE91000C5B0B /* WeiboKit */ = {
			isa = PBXGroup;
			children = (
				DA902FD015DA2DB500F02E0D /* Vendor */,
				DACCEE6B15DA07ED00A8BD52 /* Supporting Files */,
				DA66F99C15D62F69000C5B0B /* WKOAuth2Client.h */,
				DA66F99D15D62F69000C5B0B /* WKOAuth2Client.m */,
				DA1B27D115D72F6D00C7A7EE /* WKStatus.h */,
				DA1B27D215D72F6D00C7A7EE /* WKStatus.m */,
				DA1B27D715D7319200C7A7EE /* WKUser.h */,
				DA1B27D815D7319200C7A7EE /* WKUser.m */,
				DAD357CF15DB2CA700DCA70A /* WKAuthorize.h */,
				DAD357D015DB2CA700DCA70A /* WKAuthorize.m */,
				DAD357D115DB2CA700DCA70A /* WKAuthorizeWebView.h */,
				DAD357D215DB2CA800DCA70A /* WKAuthorizeWebView.m */,
			);
			path = WeiboKit;
			sourceTree = "<group>";
		};
		DA902FD015DA2DB500F02E0D /* Vendor */ = {
			isa = PBXGroup;
			children = (
				DAD357A615DB2BC200DCA70A /* sskeychain */,
				DA902FD115DA2DB500F02E0D /* AFNetworking */,
				DA90301215DA2DB500F02E0D /* AFOAuth2Client */,
			);
			path = Vendor;
			sourceTree = SOURCE_ROOT;
		};
		DA902FD115DA2DB500F02E0D /* AFNetworking */ = {
			isa = PBXGroup;
			children = (
				DA90302515DA2DD500F02E0D /* AFNetworking */,
			);
			path = AFNetworking;
			sourceTree = "<group>";
		};
		DA90301215DA2DB500F02E0D /* AFOAuth2Client */ = {
			isa = PBXGroup;
			children = (
				DA90301315DA2DB500F02E0D /* AFOAuth2Client.h */,
				DA90301415DA2DB500F02E0D /* AFOAuth2Client.m */,
			);
			path = AFOAuth2Client;
			sourceTree = "<group>";
		};
		DA90302515DA2DD500F02E0D /* AFNetworking */ = {
			isa = PBXGroup;
			children = (
				DA90302615DA2DD500F02E0D /* AFHTTPClient.h */,
				DA90302715DA2DD500F02E0D /* AFHTTPClient.m */,
				DA90302815DA2DD500F02E0D /* AFHTTPRequestOperation.h */,
				DA90302915DA2DD500F02E0D /* AFHTTPRequestOperation.m */,
				DA90302A15DA2DD500F02E0D /* AFImageRequestOperation.h */,
				DA90302B15DA2DD500F02E0D /* AFImageRequestOperation.m */,
				DA90302C15DA2DD500F02E0D /* AFJSONRequestOperation.h */,
				DA90302D15DA2DD500F02E0D /* AFJSONRequestOperation.m */,
				DA90302E15DA2DD500F02E0D /* AFJSONUtilities.h */,
				DA90302F15DA2DD500F02E0D /* AFJSONUtilities.m */,
				DA90303015DA2DD500F02E0D /* AFNetworkActivityIndicatorManager.h */,
				DA90303115DA2DD500F02E0D /* AFNetworkActivityIndicatorManager.m */,
				DA90303215DA2DD500F02E0D /* AFNetworking.h */,
				DA90303315DA2DD500F02E0D /* AFPropertyListRequestOperation.h */,
				DA90303415DA2DD500F02E0D /* AFPropertyListRequestOperation.m */,
				DA90303515DA2DD500F02E0D /* AFURLConnectionOperation.h */,
				DA90303615DA2DD500F02E0D /* AFURLConnectionOperation.m */,
				DA90303715DA2DD500F02E0D /* AFXMLRequestOperation.h */,
				DA90303815DA2DD500F02E0D /* AFXMLRequestOperation.m */,
				DA90303915DA2DD500F02E0D /* UIImageView+AFNetworking.h */,
				DA90303A15DA2DD500F02E0D /* UIImageView+AFNetworking.m */,
			);
			path = AFNetworking;
			sourceTree = "<group>";
		};
		DACCEE6B15DA07ED00A8BD52 /* Supporting Files */ = {
			isa = PBXGroup;
			children = (
				DACCEE6C15DA07ED00A8BD52 /* WeiboKit-Prefix.pch */,
			);
			name = "Supporting Files";
			sourceTree = "<group>";
		};
		DAD357A615DB2BC200DCA70A /* sskeychain */ = {
			isa = PBXGroup;
			children = (
				DAD357AC15DB2BC200DCA70A /* SSKeychain.h */,
				DAD357AD15DB2BC200DCA70A /* SSKeychain.m */,
			);
			path = sskeychain;
			sourceTree = "<group>";
		};
/* End PBXGroup section */

/* Begin PBXHeadersBuildPhase section */
		DA8EE9F515DA0C6C00F5F0BC /* Headers */ = {
			isa = PBXHeadersBuildPhase;
			buildActionMask = 2147483647;
			files = (
				DA90303B15DA2DD500F02E0D /* AFHTTPClient.h in Headers */,
				DA90303E15DA2DD500F02E0D /* AFHTTPRequestOperation.h in Headers */,
				DA90304115DA2DD500F02E0D /* AFImageRequestOperation.h in Headers */,
				DA90304415DA2DD500F02E0D /* AFJSONRequestOperation.h in Headers */,
				DA90304715DA2DD500F02E0D /* AFJSONUtilities.h in Headers */,
				DA90304A15DA2DD500F02E0D /* AFNetworkActivityIndicatorManager.h in Headers */,
				DA90304D15DA2DD500F02E0D /* AFNetworking.h in Headers */,
				DA90304E15DA2DD500F02E0D /* AFPropertyListRequestOperation.h in Headers */,
				DA90305115DA2DD500F02E0D /* AFURLConnectionOperation.h in Headers */,
				DA90305415DA2DD500F02E0D /* AFXMLRequestOperation.h in Headers */,
				DA90305715DA2DD500F02E0D /* UIImageView+AFNetworking.h in Headers */,
				DAD357BF15DB2BC200DCA70A /* SSKeychain.h in Headers */,
				DAD357D315DB2CA800DCA70A /* WKAuthorize.h in Headers */,
				DAD357D615DB2CA800DCA70A /* WKAuthorizeWebView.h in Headers */,
			);
			runOnlyForDeploymentPostprocessing = 0;
		};
/* End PBXHeadersBuildPhase section */

/* Begin PBXNativeTarget section */
		DA8EE9F715DA0C6C00F5F0BC /* WeiboKitmac */ = {
			isa = PBXNativeTarget;
			buildConfigurationList = DA8EEA0915DA0C6C00F5F0BC /* Build configuration list for PBXNativeTarget "WeiboKitmac" */;
			buildPhases = (
				DA8EE9F315DA0C6C00F5F0BC /* Sources */,
				DA8EE9F415DA0C6C00F5F0BC /* Frameworks */,
				DA8EE9F515DA0C6C00F5F0BC /* Headers */,
				DA8EE9F615DA0C6C00F5F0BC /* Resources */,
			);
			buildRules = (
			);
			dependencies = (
			);
			name = WeiboKitmac;
			productName = WeiboKitmac;
			productReference = DA8EE9F815DA0C6C00F5F0BC /* WeiboKitmac.framework */;
			productType = "com.apple.product-type.framework";
		};
		DACCEE6715DA07ED00A8BD52 /* WeiboKit */ = {
			isa = PBXNativeTarget;
			buildConfigurationList = DACCEE7115DA07ED00A8BD52 /* Build configuration list for PBXNativeTarget "WeiboKit" */;
			buildPhases = (
				DACCEE6415DA07ED00A8BD52 /* Sources */,
				DACCEE6515DA07ED00A8BD52 /* Frameworks */,
				DACCEE6615DA07ED00A8BD52 /* CopyFiles */,
			);
			buildRules = (
			);
			dependencies = (
			);
			name = WeiboKit;
			productName = WeiboKit;
			productReference = DACCEE6815DA07ED00A8BD52 /* libWeiboKit.a */;
			productType = "com.apple.product-type.library.static";
		};
/* End PBXNativeTarget section */

/* Begin PBXProject section */
		DA66F8E515D5DE91000C5B0B /* Project object */ = {
			isa = PBXProject;
			attributes = {
				CLASSPREFIX = WK;
				LastUpgradeCheck = 0450;
				ORGANIZATIONNAME = "Paul Wood";
			};
			buildConfigurationList = DA66F8E815D5DE91000C5B0B /* Build configuration list for PBXProject "WeiboKit" */;
			compatibilityVersion = "Xcode 3.2";
			developmentRegion = English;
			hasScannedForEncodings = 0;
			knownRegions = (
				en,
			);
			mainGroup = DA66F8E315D5DE91000C5B0B;
			productRefGroup = DA66F8EF15D5DE91000C5B0B /* Products */;
			projectDirPath = "";
			projectRoot = "";
			targets = (
				DACCEE6715DA07ED00A8BD52 /* WeiboKit */,
				DA8EE9F715DA0C6C00F5F0BC /* WeiboKitmac */,
			);
		};
/* End PBXProject section */

/* Begin PBXResourcesBuildPhase section */
		DA8EE9F615DA0C6C00F5F0BC /* Resources */ = {
			isa = PBXResourcesBuildPhase;
			buildActionMask = 2147483647;
			files = (
			);
			runOnlyForDeploymentPostprocessing = 0;
		};
/* End PBXResourcesBuildPhase section */

/* Begin PBXSourcesBuildPhase section */
		DA8EE9F315DA0C6C00F5F0BC /* Sources */ = {
			isa = PBXSourcesBuildPhase;
			buildActionMask = 2147483647;
			files = (
				DA90303D15DA2DD500F02E0D /* AFHTTPClient.m in Sources */,
				DA90304015DA2DD500F02E0D /* AFHTTPRequestOperation.m in Sources */,
				DA90304315DA2DD500F02E0D /* AFImageRequestOperation.m in Sources */,
				DA90304615DA2DD500F02E0D /* AFJSONRequestOperation.m in Sources */,
				DA90304915DA2DD500F02E0D /* AFJSONUtilities.m in Sources */,
				DA90304C15DA2DD500F02E0D /* AFNetworkActivityIndicatorManager.m in Sources */,
				DA90305015DA2DD500F02E0D /* AFPropertyListRequestOperation.m in Sources */,
				DA90305315DA2DD500F02E0D /* AFURLConnectionOperation.m in Sources */,
				DA90305615DA2DD500F02E0D /* AFXMLRequestOperation.m in Sources */,
				DA90305915DA2DD500F02E0D /* UIImageView+AFNetworking.m in Sources */,
				DAD357C115DB2BC200DCA70A /* SSKeychain.m in Sources */,
				DAD357D515DB2CA800DCA70A /* WKAuthorize.m in Sources */,
				DAD357D815DB2CA800DCA70A /* WKAuthorizeWebView.m in Sources */,
			);
			runOnlyForDeploymentPostprocessing = 0;
		};
		DACCEE6415DA07ED00A8BD52 /* Sources */ = {
			isa = PBXSourcesBuildPhase;
			buildActionMask = 2147483647;
			files = (
				DACCEE9F15DA090E00A8BD52 /* WKOAuth2Client.m in Sources */,
				DACCEEA015DA090E00A8BD52 /* WKStatus.m in Sources */,
				DACCEEA115DA090E00A8BD52 /* WKUser.m in Sources */,
				DA90303C15DA2DD500F02E0D /* AFHTTPClient.m in Sources */,
				DA90303F15DA2DD500F02E0D /* AFHTTPRequestOperation.m in Sources */,
				DA90304215DA2DD500F02E0D /* AFImageRequestOperation.m in Sources */,
				DA90304515DA2DD500F02E0D /* AFJSONRequestOperation.m in Sources */,
				DA90304815DA2DD500F02E0D /* AFJSONUtilities.m in Sources */,
				DA90304B15DA2DD500F02E0D /* AFNetworkActivityIndicatorManager.m in Sources */,
				DA90304F15DA2DD500F02E0D /* AFPropertyListRequestOperation.m in Sources */,
				DA90305215DA2DD500F02E0D /* AFURLConnectionOperation.m in Sources */,
				DA90305515DA2DD500F02E0D /* AFXMLRequestOperation.m in Sources */,
				DA90305815DA2DD500F02E0D /* UIImageView+AFNetworking.m in Sources */,
				DAF6FF6B15DA320F0031871E /* AFOAuth2Client.m in Sources */,
				DAD357C015DB2BC200DCA70A /* SSKeychain.m in Sources */,
				DAD357D415DB2CA800DCA70A /* WKAuthorize.m in Sources */,
				DAD357D715DB2CA800DCA70A /* WKAuthorizeWebView.m in Sources */,
			);
			runOnlyForDeploymentPostprocessing = 0;
		};
/* End PBXSourcesBuildPhase section */

/* Begin XCBuildConfiguration section */
		DA66F90415D5DE91000C5B0B /* Debug */ = {
			isa = XCBuildConfiguration;
			buildSettings = {
				ALWAYS_SEARCH_USER_PATHS = NO;
				CLANG_CXX_LANGUAGE_STANDARD = "gnu++0x";
				CLANG_CXX_LIBRARY = "libc++";
				CLANG_ENABLE_OBJC_ARC = YES;
				CLANG_WARN__DUPLICATE_METHOD_MATCH = YES;
				COPY_PHASE_STRIP = NO;
				GCC_C_LANGUAGE_STANDARD = gnu99;
				GCC_DYNAMIC_NO_PIC = NO;
				GCC_OPTIMIZATION_LEVEL = 0;
				GCC_PREPROCESSOR_DEFINITIONS = (
					"DEBUG=1",
					"$(inherited)",
				);
				GCC_SYMBOLS_PRIVATE_EXTERN = NO;
				GCC_WARN_ABOUT_RETURN_TYPE = YES;
				GCC_WARN_UNINITIALIZED_AUTOS = YES;
				GCC_WARN_UNUSED_VARIABLE = YES;
				IPHONEOS_DEPLOYMENT_TARGET = 6.0;
				SDKROOT = iphoneos;
			};
			name = Debug;
		};
		DA66F90515D5DE91000C5B0B /* Release */ = {
			isa = XCBuildConfiguration;
			buildSettings = {
				ALWAYS_SEARCH_USER_PATHS = NO;
				CLANG_CXX_LANGUAGE_STANDARD = "gnu++0x";
				CLANG_CXX_LIBRARY = "libc++";
				CLANG_ENABLE_OBJC_ARC = YES;
				CLANG_WARN__DUPLICATE_METHOD_MATCH = YES;
				COPY_PHASE_STRIP = YES;
				GCC_C_LANGUAGE_STANDARD = gnu99;
				GCC_WARN_ABOUT_RETURN_TYPE = YES;
				GCC_WARN_UNINITIALIZED_AUTOS = YES;
				GCC_WARN_UNUSED_VARIABLE = YES;
				IPHONEOS_DEPLOYMENT_TARGET = 6.0;
				OTHER_CFLAGS = "-DNS_BLOCK_ASSERTIONS=1";
				SDKROOT = iphoneos;
				VALIDATE_PRODUCT = YES;
			};
			name = Release;
		};
		DA8EEA0A15DA0C6C00F5F0BC /* Debug */ = {
			isa = XCBuildConfiguration;
			buildSettings = {
				ARCHS = "$(ARCHS_STANDARD_64_BIT)";
				COMBINE_HIDPI_IMAGES = YES;
				DYLIB_COMPATIBILITY_VERSION = 1;
				DYLIB_CURRENT_VERSION = 1;
				FRAMEWORK_SEARCH_PATHS = (
					"$(inherited)",
					"\"$(SYSTEM_APPS_DIR)/Xcode45-DP4.app/Contents/Developer/Library/Frameworks\"",
				);
				FRAMEWORK_VERSION = A;
				GCC_ENABLE_OBJC_EXCEPTIONS = YES;
				GCC_PRECOMPILE_PREFIX_HEADER = YES;
				GCC_PREFIX_HEADER = "WeiboKitmac/WeiboKitmac-Prefix.pch";
				GCC_WARN_64_TO_32_BIT_CONVERSION = YES;
				INFOPLIST_FILE = "WeiboKitmac/WeiboKitmac-Info.plist";
				MACOSX_DEPLOYMENT_TARGET = 10.8;
				ONLY_ACTIVE_ARCH = YES;
				PRODUCT_NAME = "$(TARGET_NAME)";
				SDKROOT = macosx;
				WRAPPER_EXTENSION = framework;
			};
			name = Debug;
		};
		DA8EEA0B15DA0C6C00F5F0BC /* Release */ = {
			isa = XCBuildConfiguration;
			buildSettings = {
				ARCHS = "$(ARCHS_STANDARD_64_BIT)";
				COMBINE_HIDPI_IMAGES = YES;
				DEBUG_INFORMATION_FORMAT = "dwarf-with-dsym";
				DYLIB_COMPATIBILITY_VERSION = 1;
				DYLIB_CURRENT_VERSION = 1;
				FRAMEWORK_SEARCH_PATHS = (
					"$(inherited)",
					"\"$(SYSTEM_APPS_DIR)/Xcode45-DP4.app/Contents/Developer/Library/Frameworks\"",
				);
				FRAMEWORK_VERSION = A;
				GCC_ENABLE_OBJC_EXCEPTIONS = YES;
				GCC_PRECOMPILE_PREFIX_HEADER = YES;
				GCC_PREFIX_HEADER = "WeiboKitmac/WeiboKitmac-Prefix.pch";
				GCC_WARN_64_TO_32_BIT_CONVERSION = YES;
				INFOPLIST_FILE = "WeiboKitmac/WeiboKitmac-Info.plist";
				MACOSX_DEPLOYMENT_TARGET = 10.8;
				PRODUCT_NAME = "$(TARGET_NAME)";
				SDKROOT = macosx;
				WRAPPER_EXTENSION = framework;
			};
			name = Release;
		};
		DACCEE7215DA07ED00A8BD52 /* Debug */ = {
			isa = XCBuildConfiguration;
			buildSettings = {
				DSTROOT = /tmp/WeiboKit.dst;
				GCC_PRECOMPILE_PREFIX_HEADER = YES;
				GCC_PREFIX_HEADER = "WeiboKit/WeiboKit-Prefix.pch";
				OTHER_LDFLAGS = "-ObjC";
				PRODUCT_NAME = "$(TARGET_NAME)";
				SKIP_INSTALL = YES;
			};
			name = Debug;
		};
		DACCEE7315DA07ED00A8BD52 /* Release */ = {
			isa = XCBuildConfiguration;
			buildSettings = {
				DSTROOT = /tmp/WeiboKit.dst;
				GCC_PRECOMPILE_PREFIX_HEADER = YES;
				GCC_PREFIX_HEADER = "WeiboKit/WeiboKit-Prefix.pch";
				OTHER_LDFLAGS = "-ObjC";
				PRODUCT_NAME = "$(TARGET_NAME)";
				SKIP_INSTALL = YES;
			};
			name = Release;
		};
/* End XCBuildConfiguration section */

/* Begin XCConfigurationList section */
		DA66F8E815D5DE91000C5B0B /* Build configuration list for PBXProject "WeiboKit" */ = {
			isa = XCConfigurationList;
			buildConfigurations = (
				DA66F90415D5DE91000C5B0B /* Debug */,
				DA66F90515D5DE91000C5B0B /* Release */,
			);
			defaultConfigurationIsVisible = 0;
			defaultConfigurationName = Release;
		};
		DA8EEA0915DA0C6C00F5F0BC /* Build configuration list for PBXNativeTarget "WeiboKitmac" */ = {
			isa = XCConfigurationList;
			buildConfigurations = (
				DA8EEA0A15DA0C6C00F5F0BC /* Debug */,
				DA8EEA0B15DA0C6C00F5F0BC /* Release */,
			);
			defaultConfigurationIsVisible = 0;
			defaultConfigurationName = Release;
		};
		DACCEE7115DA07ED00A8BD52 /* Build configuration list for PBXNativeTarget "WeiboKit" */ = {
			isa = XCConfigurationList;
			buildConfigurations = (
				DACCEE7215DA07ED00A8BD52 /* Debug */,
				DACCEE7315DA07ED00A8BD52 /* Release */,
			);
			defaultConfigurationIsVisible = 0;
			defaultConfigurationName = Release;
		};
/* End XCConfigurationList section */
	};
	rootObject = DA66F8E515D5DE91000C5B0B /* Project object */;
}
